gitee.com/fengzhi_1/gkit v0.0.0-20240717032226-b6285053065d h1:v2Q5g0mDVJYIRk/oTEMYymKa9bVJdd++3O9FkXrjYig=
gitee.com/fengzhi_1/gkit v0.0.0-20240717032226-b6285053065d/go.mod h1:pqPT45ai3tzMaO+ZKC/88ONdnEbPkOqVtuEeli1+8Wg=
gitee.com/menciis/gkit v0.0.0-20240704103244-d3f65ed26d21 h1:EHUG+Qll+2E2Il4e+P7IWLQZVOzOtjY9BSGXCMHXCIo=
gitee.com/menciis/gkit v0.0.0-20240704103244-d3f65ed26d21/go.mod h1:gCa2QdVRDoIe5OwEtUqr4H9CLG5NES2y0wljEKpTAow=
golang.org/x/sys v0.15.0 h1:h48lPFYpsTvQJZF4EKyI4aLHaev3CxivZmv7yZig9pc=
golang.org/x/sys v0.15.0/go.mod h1:/VUhepiaJMQUp4+oa/7Zr1D23ma6VTLIYjOOTFZPUcA=
